// !$*UTF8*$!
{
	archiveVersion = 1;
	classes = {
	};
	objectVersion = 56;
	objects = {

/* Begin PBXBuildFile section */
		5B8BB3642A95160800F2DF77 /* Messenger_SwiftUIApp.swift in Sources */ = {isa = PBXBuildFile; fileRef = 5B8BB3632A95160800F2DF77 /* Messenger_SwiftUIApp.swift */; };
		5B8BB3662A95160800F2DF77 /* loginView.swift in Sources */ = {isa = PBXBuildFile; fileRef = 5B8BB3652A95160800F2DF77 /* loginView.swift */; };
		5B8BB3682A95160A00F2DF77 /* Assets.xcassets in Resources */ = {isa = PBXBuildFile; fileRef = 5B8BB3672A95160A00F2DF77 /* Assets.xcassets */; };
		5B8BB36B2A95160A00F2DF77 /* Preview Assets.xcassets in Resources */ = {isa = PBXBuildFile; fileRef = 5B8BB36A2A95160A00F2DF77 /* Preview Assets.xcassets */; };
		5B8BB37A2A96154C00F2DF77 /* RegistrationView.swift in Sources */ = {isa = PBXBuildFile; fileRef = 5B8BB3792A96154C00F2DF77 /* RegistrationView.swift */; };
		5B8BB37D2A96997600F2DF77 /* InboxView.swift in Sources */ = {isa = PBXBuildFile; fileRef = 5B8BB37C2A96997600F2DF77 /* InboxView.swift */; };
		5B8BB3802A969BCE00F2DF77 /* ActivNowView.swift in Sources */ = {isa = PBXBuildFile; fileRef = 5B8BB37F2A969BCE00F2DF77 /* ActivNowView.swift */; };
		5B8BB3822A969F6900F2DF77 /* InboxRowView.swift in Sources */ = {isa = PBXBuildFile; fileRef = 5B8BB3812A969F6900F2DF77 /* InboxRowView.swift */; };
		5B8BB3852A97655700F2DF77 /* NewMessageView.swift in Sources */ = {isa = PBXBuildFile; fileRef = 5B8BB3842A97655700F2DF77 /* NewMessageView.swift */; };
		5B8BB38A2A98ED8A00F2DF77 /* ViewProfile.swift in Sources */ = {isa = PBXBuildFile; fileRef = 5B8BB3892A98ED8A00F2DF77 /* ViewProfile.swift */; };
		5B8BB38C2A98F11F00F2DF77 /* SettingOptionsViewModel.swift in Sources */ = {isa = PBXBuildFile; fileRef = 5B8BB38B2A98F11F00F2DF77 /* SettingOptionsViewModel.swift */; };
		5B8BB38E2A98F5B600F2DF77 /* ProfileViewModel.swift in Sources */ = {isa = PBXBuildFile; fileRef = 5B8BB38D2A98F5B600F2DF77 /* ProfileViewModel.swift */; };
		5B8BB3902A98F99C00F2DF77 /* User.swift in Sources */ = {isa = PBXBuildFile; fileRef = 5B8BB38F2A98F99C00F2DF77 /* User.swift */; };
		5B8BB3932A9901A700F2DF77 /* CircleProfileImageView.swift in Sources */ = {isa = PBXBuildFile; fileRef = 5B8BB3922A9901A700F2DF77 /* CircleProfileImageView.swift */; };
		5B8BB3962A991A5900F2DF77 /* ChatView.swift in Sources */ = {isa = PBXBuildFile; fileRef = 5B8BB3952A991A5900F2DF77 /* ChatView.swift */; };
		5B8BB3982A9B3FBA00F2DF77 /* ChatMassageCell.swift in Sources */ = {isa = PBXBuildFile; fileRef = 5B8BB3972A9B3FBA00F2DF77 /* ChatMassageCell.swift */; };
		5B8BB39A2A9B42FD00F2DF77 /* ChatBubble.swift in Sources */ = {isa = PBXBuildFile; fileRef = 5B8BB3992A9B42FD00F2DF77 /* ChatBubble.swift */; };
/* End PBXBuildFile section */

/* Begin PBXFileReference section */
		5B8BB3602A95160800F2DF77 /* Messenger_SwiftUI.app */ = {isa = PBXFileReference; explicitFileType = wrapper.application; includeInIndex = 0; path = Messenger_SwiftUI.app; sourceTree = BUILT_PRODUCTS_DIR; };
		5B8BB3632A95160800F2DF77 /* Messenger_SwiftUIApp.swift */ = {isa = PBXFileReference; lastKnownFileType = sourcecode.swift; path = Messenger_SwiftUIApp.swift; sourceTree = "<group>"; };
		5B8BB3652A95160800F2DF77 /* loginView.swift */ = {isa = PBXFileReference; lastKnownFileType = sourcecode.swift; path = loginView.swift; sourceTree = "<group>"; };
		5B8BB3672A95160A00F2DF77 /* Assets.xcassets */ = {isa = PBXFileReference; lastKnownFileType = folder.assetcatalog; path = Assets.xcassets; sourceTree = "<group>"; };
		5B8BB36A2A95160A00F2DF77 /* Preview Assets.xcassets */ = {isa = PBXFileReference; lastKnownFileType = folder.assetcatalog; path = "Preview Assets.xcassets"; sourceTree = "<group>"; };
		5B8BB3792A96154C00F2DF77 /* RegistrationView.swift */ = {isa = PBXFileReference; lastKnownFileType = sourcecode.swift; path = RegistrationView.swift; sourceTree = "<group>"; };
		5B8BB37C2A96997600F2DF77 /* InboxView.swift */ = {isa = PBXFileReference; lastKnownFileType = sourcecode.swift; path = InboxView.swift; sourceTree = "<group>"; };
		5B8BB37F2A969BCE00F2DF77 /* ActivNowView.swift */ = {isa = PBXFileReference; lastKnownFileType = sourcecode.swift; path = ActivNowView.swift; sourceTree = "<group>"; };
		5B8BB3812A969F6900F2DF77 /* InboxRowView.swift */ = {isa = PBXFileReference; lastKnownFileType = sourcecode.swift; path = InboxRowView.swift; sourceTree = "<group>"; };
		5B8BB3842A97655700F2DF77 /* NewMessageView.swift */ = {isa = PBXFileReference; lastKnownFileType = sourcecode.swift; path = NewMessageView.swift; sourceTree = "<group>"; };
		5B8BB3892A98ED8A00F2DF77 /* ViewProfile.swift */ = {isa = PBXFileReference; lastKnownFileType = sourcecode.swift; path = ViewProfile.swift; sourceTree = "<group>"; };
		5B8BB38B2A98F11F00F2DF77 /* SettingOptionsViewModel.swift */ = {isa = PBXFileReference; lastKnownFileType = sourcecode.swift; path = SettingOptionsViewModel.swift; sourceTree = "<group>"; };
		5B8BB38D2A98F5B600F2DF77 /* ProfileViewModel.swift */ = {isa = PBXFileReference; lastKnownFileType = sourcecode.swift; path = ProfileViewModel.swift; sourceTree = "<group>"; };
		5B8BB38F2A98F99C00F2DF77 /* User.swift */ = {isa = PBXFileReference; lastKnownFileType = sourcecode.swift; path = User.swift; sourceTree = "<group>"; };
		5B8BB3922A9901A700F2DF77 /* CircleProfileImageView.swift */ = {isa = PBXFileReference; lastKnownFileType = sourcecode.swift; path = CircleProfileImageView.swift; sourceTree = "<group>"; };
		5B8BB3952A991A5900F2DF77 /* ChatView.swift */ = {isa = PBXFileReference; lastKnownFileType = sourcecode.swift; path = ChatView.swift; sourceTree = "<group>"; };
		5B8BB3972A9B3FBA00F2DF77 /* ChatMassageCell.swift */ = {isa = PBXFileReference; lastKnownFileType = sourcecode.swift; path = ChatMassageCell.swift; sourceTree = "<group>"; };
		5B8BB3992A9B42FD00F2DF77 /* ChatBubble.swift */ = {isa = PBXFileReference; lastKnownFileType = sourcecode.swift; path = ChatBubble.swift; sourceTree = "<group>"; };
/* End PBXFileReference section */

/* Begin PBXFrameworksBuildPhase section */
		5B8BB35D2A95160800F2DF77 /* Frameworks */ = {
			isa = PBXFrameworksBuildPhase;
			buildActionMask = 2147483647;
			files = (
			);
			runOnlyForDeploymentPostprocessing = 0;
		};
/* End PBXFrameworksBuildPhase section */

/* Begin PBXGroup section */
		5B8BB3572A95160800F2DF77 = {
			isa = PBXGroup;
			children = (
				5B8BB3622A95160800F2DF77 /* Messenger_SwiftUI */,
				5B8BB3612A95160800F2DF77 /* Products */,
			);
			sourceTree = "<group>";
		};
		5B8BB3612A95160800F2DF77 /* Products */ = {
			isa = PBXGroup;
			children = (
				5B8BB3602A95160800F2DF77 /* Messenger_SwiftUI.app */,
			);
			name = Products;
			sourceTree = "<group>";
		};
		5B8BB3622A95160800F2DF77 /* Messenger_SwiftUI */ = {
			isa = PBXGroup;
			children = (
				5B8BB3782A95170200F2DF77 /* App */,
				5B8BB3722A95164A00F2DF77 /* Core */,
				5B8BB3712A95163A00F2DF77 /* Extance */,
				5B8BB3762A9516CF00F2DF77 /* Model */,
				5B8BB3772A9516DD00F2DF77 /* Service */,
				5B8BB3672A95160A00F2DF77 /* Assets.xcassets */,
				5B8BB3692A95160A00F2DF77 /* Preview Content */,
			);
			path = Messenger_SwiftUI;
			sourceTree = "<group>";
		};
		5B8BB3692A95160A00F2DF77 /* Preview Content */ = {
			isa = PBXGroup;
			children = (
				5B8BB36A2A95160A00F2DF77 /* Preview Assets.xcassets */,
			);
			path = "Preview Content";
			sourceTree = "<group>";
		};
		5B8BB3712A95163A00F2DF77 /* Extance */ = {
			isa = PBXGroup;
			children = (
			);
			path = Extance;
			sourceTree = "<group>";
		};
		5B8BB3722A95164A00F2DF77 /* Core */ = {
			isa = PBXGroup;
			children = (
				5B8BB37E2A969BB500F2DF77 /* ActivNowView */,
				5B8BB3912A99018700F2DF77 /* Components */,
				5B8BB3942A991A2000F2DF77 /* Chat */,
				5B8BB37B2A96996100F2DF77 /* Inbox */,
				5B8BB3732A95165800F2DF77 /* Auth */,
				5B8BB3832A97653300F2DF77 /* NewMessage */,
				5B8BB3862A98ED4200F2DF77 /* Profile */,
				5B8BB3752A95167000F2DF77 /* Root */,
			);
			path = Core;
			sourceTree = "<group>";
		};
		5B8BB3732A95165800F2DF77 /* Auth */ = {
			isa = PBXGroup;
			children = (
				5B8BB3742A95166000F2DF77 /* View */,
			);
			path = Auth;
			sourceTree = "<group>";
		};
		5B8BB3742A95166000F2DF77 /* View */ = {
			isa = PBXGroup;
			children = (
				5B8BB3652A95160800F2DF77 /* loginView.swift */,
				5B8BB3792A96154C00F2DF77 /* RegistrationView.swift */,
			);
			path = View;
			sourceTree = "<group>";
		};
		5B8BB3752A95167000F2DF77 /* Root */ = {
			isa = PBXGroup;
			children = (
			);
			path = Root;
			sourceTree = "<group>";
		};
		5B8BB3762A9516CF00F2DF77 /* Model */ = {
			isa = PBXGroup;
			children = (
				5B8BB38F2A98F99C00F2DF77 /* User.swift */,
			);
			path = Model;
			sourceTree = "<group>";
		};
		5B8BB3772A9516DD00F2DF77 /* Service */ = {
			isa = PBXGroup;
			children = (
			);
			path = Service;
			sourceTree = "<group>";
		};
		5B8BB3782A95170200F2DF77 /* App */ = {
			isa = PBXGroup;
			children = (
				5B8BB3632A95160800F2DF77 /* Messenger_SwiftUIApp.swift */,
			);
			path = App;
			sourceTree = "<group>";
		};
		5B8BB37B2A96996100F2DF77 /* Inbox */ = {
			isa = PBXGroup;
			children = (
				5B8BB37C2A96997600F2DF77 /* InboxView.swift */,
				5B8BB3812A969F6900F2DF77 /* InboxRowView.swift */,
			);
			path = Inbox;
			sourceTree = "<group>";
		};
		5B8BB37E2A969BB500F2DF77 /* ActivNowView */ = {
			isa = PBXGroup;
			children = (
				5B8BB37F2A969BCE00F2DF77 /* ActivNowView.swift */,
			);
			path = ActivNowView;
			sourceTree = "<group>";
		};
		5B8BB3832A97653300F2DF77 /* NewMessage */ = {
			isa = PBXGroup;
			children = (
				5B8BB3842A97655700F2DF77 /* NewMessageView.swift */,
			);
			path = NewMessage;
			sourceTree = "<group>";
		};
		5B8BB3862A98ED4200F2DF77 /* Profile */ = {
			isa = PBXGroup;
			children = (
				5B8BB3872A98ED5F00F2DF77 /* View */,
				5B8BB3882A98ED6700F2DF77 /* ViewModel */,
			);
			path = Profile;
			sourceTree = "<group>";
		};
		5B8BB3872A98ED5F00F2DF77 /* View */ = {
			isa = PBXGroup;
			children = (
				5B8BB3892A98ED8A00F2DF77 /* ViewProfile.swift */,
			);
			path = View;
			sourceTree = "<group>";
		};
		5B8BB3882A98ED6700F2DF77 /* ViewModel */ = {
			isa = PBXGroup;
			children = (
				5B8BB38B2A98F11F00F2DF77 /* SettingOptionsViewModel.swift */,
				5B8BB38D2A98F5B600F2DF77 /* ProfileViewModel.swift */,
			);
			path = ViewModel;
			sourceTree = "<group>";
		};
		5B8BB3912A99018700F2DF77 /* Components */ = {
			isa = PBXGroup;
			children = (
				5B8BB3922A9901A700F2DF77 /* CircleProfileImageView.swift */,
			);
			path = Components;
			sourceTree = "<group>";
		};
		5B8BB3942A991A2000F2DF77 /* Chat */ = {
			isa = PBXGroup;
			children = (
				5B8BB3952A991A5900F2DF77 /* ChatView.swift */,
				5B8BB3972A9B3FBA00F2DF77 /* ChatMassageCell.swift */,
				5B8BB3992A9B42FD00F2DF77 /* ChatBubble.swift */,
			);
			path = Chat;
			sourceTree = "<group>";
		};
/* End PBXGroup section */

/* Begin PBXNativeTarget section */
		5B8BB35F2A95160800F2DF77 /* Messenger_SwiftUI */ = {
			isa = PBXNativeTarget;
			buildConfigurationList = 5B8BB36E2A95160A00F2DF77 /* Build configuration list for PBXNativeTarget "Messenger_SwiftUI" */;
			buildPhases = (
				5B8BB35C2A95160800F2DF77 /* Sources */,
				5B8BB35D2A95160800F2DF77 /* Frameworks */,
				5B8BB35E2A95160800F2DF77 /* Resources */,
			);
			buildRules = (
			);
			dependencies = (
			);
			name = Messenger_SwiftUI;
			productName = Messenger_SwiftUI;
			productReference = 5B8BB3602A95160800F2DF77 /* Messenger_SwiftUI.app */;
			productType = "com.apple.product-type.application";
		};
/* End PBXNativeTarget section */

/* Begin PBXProject section */
		5B8BB3582A95160800F2DF77 /* Project object */ = {
			isa = PBXProject;
			attributes = {
				BuildIndependentTargetsInParallel = 1;
				LastSwiftUpdateCheck = 1430;
				LastUpgradeCheck = 1430;
				TargetAttributes = {
					5B8BB35F2A95160800F2DF77 = {
						CreatedOnToolsVersion = 14.3.1;
					};
				};
			};
			buildConfigurationList = 5B8BB35B2A95160800F2DF77 /* Build configuration list for PBXProject "Messenger_SwiftUI" */;
			compatibilityVersion = "Xcode 14.0";
			developmentRegion = en;
			hasScannedForEncodings = 0;
			knownRegions = (
				en,
				Base,
			);
			mainGroup = 5B8BB3572A95160800F2DF77;
			productRefGroup = 5B8BB3612A95160800F2DF77 /* Products */;
			projectDirPath = "";
			projectRoot = "";
			targets = (
				5B8BB35F2A95160800F2DF77 /* Messenger_SwiftUI */,
			);
		};
/* End PBXProject section */

/* Begin PBXResourcesBuildPhase section */
		5B8BB35E2A95160800F2DF77 /* Resources */ = {
			isa = PBXResourcesBuildPhase;
			buildActionMask = 2147483647;
			files = (
				5B8BB36B2A95160A00F2DF77 /* Preview Assets.xcassets in Resources */,
				5B8BB3682A95160A00F2DF77 /* Assets.xcassets in Resources */,
			);
			runOnlyForDeploymentPostprocessing = 0;
		};
/* End PBXResourcesBuildPhase section */

/* Begin PBXSourcesBuildPhase section */
		5B8BB35C2A95160800F2DF77 /* Sources */ = {
			isa = PBXSourcesBuildPhase;
			buildActionMask = 2147483647;
			files = (
				5B8BB38A2A98ED8A00F2DF77 /* ViewProfile.swift in Sources */,
				5B8BB39A2A9B42FD00F2DF77 /* ChatBubble.swift in Sources */,
				5B8BB38C2A98F11F00F2DF77 /* SettingOptionsViewModel.swift in Sources */,
				5B8BB3802A969BCE00F2DF77 /* ActivNowView.swift in Sources */,
				5B8BB37A2A96154C00F2DF77 /* RegistrationView.swift in Sources */,
				5B8BB38E2A98F5B600F2DF77 /* ProfileViewModel.swift in Sources */,
				5B8BB3982A9B3FBA00F2DF77 /* ChatMassageCell.swift in Sources */,
				5B8BB3852A97655700F2DF77 /* NewMessageView.swift in Sources */,
				5B8BB3962A991A5900F2DF77 /* ChatView.swift in Sources */,
				5B8BB37D2A96997600F2DF77 /* InboxView.swift in Sources */,
				5B8BB3662A95160800F2DF77 /* loginView.swift in Sources */,
				5B8BB3932A9901A700F2DF77 /* CircleProfileImageView.swift in Sources */,
				5B8BB3822A969F6900F2DF77 /* InboxRowView.swift in Sources */,
				5B8BB3642A95160800F2DF77 /* Messenger_SwiftUIApp.swift in Sources */,
				5B8BB3902A98F99C00F2DF77 /* User.swift in Sources */,
			);
			runOnlyForDeploymentPostprocessing = 0;
		};
/* End PBXSourcesBuildPhase section */

/* Begin XCBuildConfiguration section */
		5B8BB36C2A95160A00F2DF77 /* Debug */ = {
			isa = XCBuildConfiguration;
			buildSettings = {
				ALWAYS_SEARCH_USER_PATHS = NO;
				CLANG_ANALYZER_NONNULL = YES;
				CLANG_ANALYZER_NUMBER_OBJECT_CONVERSION = YES_AGGRESSIVE;
				CLANG_CXX_LANGUAGE_STANDARD = "gnu++20";
				CLANG_ENABLE_MODULES = YES;
				CLANG_ENABLE_OBJC_ARC = YES;
				CLANG_ENABLE_OBJC_WEAK = YES;
				CLANG_WARN_BLOCK_CAPTURE_AUTORELEASING = YES;
				CLANG_WARN_BOOL_CONVERSION = YES;
				CLANG_WARN_COMMA = YES;
				CLANG_WARN_CONSTANT_CONVERSION = YES;
				CLANG_WARN_DEPRECATED_OBJC_IMPLEMENTATIONS = YES;
				CLANG_WARN_DIRECT_OBJC_ISA_USAGE = YES_ERROR;
				CLANG_WARN_DOCUMENTATION_COMMENTS = YES;
				CLANG_WARN_EMPTY_BODY = YES;
				CLANG_WARN_ENUM_CONVERSION = YES;
				CLANG_WARN_INFINITE_RECURSION = YES;
				CLANG_WARN_INT_CONVERSION = YES;
				CLANG_WARN_NON_LITERAL_NULL_CONVERSION = YES;
				CLANG_WARN_OBJC_IMPLICIT_RETAIN_SELF = YES;
				CLANG_WARN_OBJC_LITERAL_CONVERSION = YES;
				CLANG_WARN_OBJC_ROOT_CLASS = YES_ERROR;
				CLANG_WARN_QUOTED_INCLUDE_IN_FRAMEWORK_HEADER = YES;
				CLANG_WARN_RANGE_LOOP_ANALYSIS = YES;
				CLANG_WARN_STRICT_PROTOTYPES = YES;
				CLANG_WARN_SUSPICIOUS_MOVE = YES;
				CLANG_WARN_UNGUARDED_AVAILABILITY = YES_AGGRESSIVE;
				CLANG_WARN_UNREACHABLE_CODE = YES;
				CLANG_WARN__DUPLICATE_METHOD_MATCH = YES;
				COPY_PHASE_STRIP = NO;
				DEBUG_INFORMATION_FORMAT = dwarf;
				ENABLE_STRICT_OBJC_MSGSEND = YES;
				ENABLE_TESTABILITY = YES;
				GCC_C_LANGUAGE_STANDARD = gnu11;
				GCC_DYNAMIC_NO_PIC = NO;
				GCC_NO_COMMON_BLOCKS = YES;
				GCC_OPTIMIZATION_LEVEL = 0;
				GCC_PREPROCESSOR_DEFINITIONS = (
					"DEBUG=1",
					"$(inherited)",
				);
				GCC_WARN_64_TO_32_BIT_CONVERSION = YES;
				GCC_WARN_ABOUT_RETURN_TYPE = YES_ERROR;
				GCC_WARN_UNDECLARED_SELECTOR = YES;
				GCC_WARN_UNINITIALIZED_AUTOS = YES_AGGRESSIVE;
				GCC_WARN_UNUSED_FUNCTION = YES;
				GCC_WARN_UNUSED_VARIABLE = YES;
				IPHONEOS_DEPLOYMENT_TARGET = 16.4;
				MTL_ENABLE_DEBUG_INFO = INCLUDE_SOURCE;
				MTL_FAST_MATH = YES;
				ONLY_ACTIVE_ARCH = YES;
				SDKROOT = iphoneos;
				SWIFT_ACTIVE_COMPILATION_CONDITIONS = DEBUG;
				SWIFT_OPTIMIZATION_LEVEL = "-Onone";
			};
			name = Debug;
		};
		5B8BB36D2A95160A00F2DF77 /* Release */ = {
			isa = XCBuildConfiguration;
			buildSettings = {
				ALWAYS_SEARCH_USER_PATHS = NO;
				CLANG_ANALYZER_NONNULL = YES;
				CLANG_ANALYZER_NUMBER_OBJECT_CONVERSION = YES_AGGRESSIVE;
				CLANG_CXX_LANGUAGE_STANDARD = "gnu++20";
				CLANG_ENABLE_MODULES = YES;
				CLANG_ENABLE_OBJC_ARC = YES;
				CLANG_ENABLE_OBJC_WEAK = YES;
				CLANG_WARN_BLOCK_CAPTURE_AUTORELEASING = YES;
				CLANG_WARN_BOOL_CONVERSION = YES;
				CLANG_WARN_COMMA = YES;
				CLANG_WARN_CONSTANT_CONVERSION = YES;
				CLANG_WARN_DEPRECATED_OBJC_IMPLEMENTATIONS = YES;
				CLANG_WARN_DIRECT_OBJC_ISA_USAGE = YES_ERROR;
				CLANG_WARN_DOCUMENTATION_COMMENTS = YES;
				CLANG_WARN_EMPTY_BODY = YES;
				CLANG_WARN_ENUM_CONVERSION = YES;
				CLANG_WARN_INFINITE_RECURSION = YES;
				CLANG_WARN_INT_CONVERSION = YES;
				CLANG_WARN_NON_LITERAL_NULL_CONVERSION = YES;
				CLANG_WARN_OBJC_IMPLICIT_RETAIN_SELF = YES;
				CLANG_WARN_OBJC_LITERAL_CONVERSION = YES;
				CLANG_WARN_OBJC_ROOT_CLASS = YES_ERROR;
				CLANG_WARN_QUOTED_INCLUDE_IN_FRAMEWORK_HEADER = YES;
				CLANG_WARN_RANGE_LOOP_ANALYSIS = YES;
				CLANG_WARN_STRICT_PROTOTYPES = YES;
				CLANG_WARN_SUSPICIOUS_MOVE = YES;
				CLANG_WARN_UNGUARDED_AVAILABILITY = YES_AGGRESSIVE;
				CLANG_WARN_UNREACHABLE_CODE = YES;
				CLANG_WARN__DUPLICATE_METHOD_MATCH = YES;
				COPY_PHASE_STRIP = NO;
				DEBUG_INFORMATION_FORMAT = "dwarf-with-dsym";
				ENABLE_NS_ASSERTIONS = NO;
				ENABLE_STRICT_OBJC_MSGSEND = YES;
				GCC_C_LANGUAGE_STANDARD = gnu11;
				GCC_NO_COMMON_BLOCKS = YES;
				GCC_WARN_64_TO_32_BIT_CONVERSION = YES;
				GCC_WARN_ABOUT_RETURN_TYPE = YES_ERROR;
				GCC_WARN_UNDECLARED_SELECTOR = YES;
				GCC_WARN_UNINITIALIZED_AUTOS = YES_AGGRESSIVE;
				GCC_WARN_UNUSED_FUNCTION = YES;
				GCC_WARN_UNUSED_VARIABLE = YES;
				IPHONEOS_DEPLOYMENT_TARGET = 16.4;
				MTL_ENABLE_DEBUG_INFO = NO;
				MTL_FAST_MATH = YES;
				SDKROOT = iphoneos;
				SWIFT_COMPILATION_MODE = wholemodule;
				SWIFT_OPTIMIZATION_LEVEL = "-O";
				VALIDATE_PRODUCT = YES;
			};
			name = Release;
		};
		5B8BB36F2A95160A00F2DF77 /* Debug */ = {
			isa = XCBuildConfiguration;
			buildSettings = {
				ASSETCATALOG_COMPILER_APPICON_NAME = AppIcon;
				ASSETCATALOG_COMPILER_GLOBAL_ACCENT_COLOR_NAME = AccentColor;
				CODE_SIGN_STYLE = Automatic;
				CURRENT_PROJECT_VERSION = 1;
				DEVELOPMENT_ASSET_PATHS = "\"Messenger_SwiftUI/Preview Content\"";
				DEVELOPMENT_TEAM = R7B2Y45548;
				ENABLE_PREVIEWS = YES;
				GENERATE_INFOPLIST_FILE = YES;
				INFOPLIST_KEY_UIApplicationSceneManifest_Generation = YES;
				INFOPLIST_KEY_UIApplicationSupportsIndirectInputEvents = YES;
				INFOPLIST_KEY_UILaunchScreen_Generation = YES;
				INFOPLIST_KEY_UISupportedInterfaceOrientations_iPad = "UIInterfaceOrientationPortrait UIInterfaceOrientationPortraitUpsideDown UIInterfaceOrientationLandscapeLeft UIInterfaceOrientationLandscapeRight";
				INFOPLIST_KEY_UISupportedInterfaceOrientations_iPhone = "UIInterfaceOrientationPortrait UIInterfaceOrientationLandscapeLeft UIInterfaceOrientationLandscapeRight";
				LD_RUNPATH_SEARCH_PATHS = (
					"$(inherited)",
					"@executable_path/Frameworks",
				);
				MARKETING_VERSION = 1.0;
				PRODUCT_BUNDLE_IDENTIFIER = "project5.Messenger-SwiftUI";
				PRODUCT_NAME = "$(TARGET_NAME)";
				SWIFT_EMIT_LOC_STRINGS = YES;
				SWIFT_VERSION = 5.0;
				TARGETED_DEVICE_FAMILY = "1,2";
			};
			name = Debug;
		};
		5B8BB3702A95160A00F2DF77 /* Release */ = {
			isa = XCBuildConfiguration;
			buildSettings = {
				ASSETCATALOG_COMPILER_APPICON_NAME = AppIcon;
				ASSETCATALOG_COMPILER_GLOBAL_ACCENT_COLOR_NAME = AccentColor;
				CODE_SIGN_STYLE = Automatic;
				CURRENT_PROJECT_VERSION = 1;
				DEVELOPMENT_ASSET_PATHS = "\"Messenger_SwiftUI/Preview Content\"";
				DEVELOPMENT_TEAM = R7B2Y45548;
				ENABLE_PREVIEWS = YES;
				GENERATE_INFOPLIST_FILE = YES;
				INFOPLIST_KEY_UIApplicationSceneManifest_Generation = YES;
				INFOPLIST_KEY_UIApplicationSupportsIndirectInputEvents = YES;
				INFOPLIST_KEY_UILaunchScreen_Generation = YES;
				INFOPLIST_KEY_UISupportedInterfaceOrientations_iPad = "UIInterfaceOrientationPortrait UIInterfaceOrientationPortraitUpsideDown UIInterfaceOrientationLandscapeLeft UIInterfaceOrientationLandscapeRight";
				INFOPLIST_KEY_UISupportedInterfaceOrientations_iPhone = "UIInterfaceOrientationPortrait UIInterfaceOrientationLandscapeLeft UIInterfaceOrientationLandscapeRight";
				LD_RUNPATH_SEARCH_PATHS = (
					"$(inherited)",
					"@executable_path/Frameworks",
				);
				MARKETING_VERSION = 1.0;
				PRODUCT_BUNDLE_IDENTIFIER = "project5.Messenger-SwiftUI";
				PRODUCT_NAME = "$(TARGET_NAME)";
				SWIFT_EMIT_LOC_STRINGS = YES;
				SWIFT_VERSION = 5.0;
				TARGETED_DEVICE_FAMILY = "1,2";
			};
			name = Release;
		};
/* End XCBuildConfiguration section */

/* Begin XCConfigurationList section */
		5B8BB35B2A95160800F2DF77 /* Build configuration list for PBXProject "Messenger_SwiftUI" */ = {
			isa = XCConfigurationList;
			buildConfigurations = (
				5B8BB36C2A95160A00F2DF77 /* Debug */,
				5B8BB36D2A95160A00F2DF77 /* Release */,
			);
			defaultConfigurationIsVisible = 0;
			defaultConfigurationName = Release;
		};
		5B8BB36E2A95160A00F2DF77 /* Build configuration list for PBXNativeTarget "Messenger_SwiftUI" */ = {
			isa = XCConfigurationList;
			buildConfigurations = (
				5B8BB36F2A95160A00F2DF77 /* Debug */,
				5B8BB3702A95160A00F2DF77 /* Release */,
			);
			defaultConfigurationIsVisible = 0;
			defaultConfigurationName = Release;
		};
/* End XCConfigurationList section */
	};
	rootObject = 5B8BB3582A95160800F2DF77 /* Project object */;
}
